// !$*UTF8*$!
{
	archiveVersion = 1;
	classes = {
	};
	objectVersion = 46;
	objects = {

/* Begin PBXBuildFile section */
		A46A7E4C1630296800DF4696 /* UIKit.framework in Frameworks */ = {isa = PBXBuildFile; fileRef = A46A7E4B1630296800DF4696 /* UIKit.framework */; };
		A46A7E4E1630296800DF4696 /* Foundation.framework in Frameworks */ = {isa = PBXBuildFile; fileRef = A46A7E4D1630296800DF4696 /* Foundation.framework */; };
		A46A7E501630296800DF4696 /* CoreGraphics.framework in Frameworks */ = {isa = PBXBuildFile; fileRef = A46A7E4F1630296800DF4696 /* CoreGraphics.framework */; };
		A46A7E561630296800DF4696 /* InfoPlist.strings in Resources */ = {isa = PBXBuildFile; fileRef = A46A7E541630296800DF4696 /* InfoPlist.strings */; };
		A46A7E581630296800DF4696 /* main.m in Sources */ = {isa = PBXBuildFile; fileRef = A46A7E571630296800DF4696 /* main.m */; };
		A46A7E5C1630296800DF4696 /* AppDelegate.m in Sources */ = {isa = PBXBuildFile; fileRef = A46A7E5B1630296800DF4696 /* AppDelegate.m */; };
		A46A7E5E1630296800DF4696 /* Default.png in Resources */ = {isa = PBXBuildFile; fileRef = A46A7E5D1630296800DF4696 /* Default.png */; };
		A46A7E601630296800DF4696 /* Default@2x.png in Resources */ = {isa = PBXBuildFile; fileRef = A46A7E5F1630296800DF4696 /* Default@2x.png */; };
		A46A7E621630296800DF4696 /* Default-568h@2x.png in Resources */ = {isa = PBXBuildFile; fileRef = A46A7E611630296800DF4696 /* Default-568h@2x.png */; };
		A46A7E651630296800DF4696 /* ViewController.m in Sources */ = {isa = PBXBuildFile; fileRef = A46A7E641630296800DF4696 /* ViewController.m */; };
		A46A7E681630296800DF4696 /* ViewController.xib in Resources */ = {isa = PBXBuildFile; fileRef = A46A7E661630296800DF4696 /* ViewController.xib */; };
		A46A7E6F16302A2C00DF4696 /* CoreData.framework in Frameworks */ = {isa = PBXBuildFile; fileRef = A46A7E6E16302A2C00DF4696 /* CoreData.framework */; };
		A46A7E7216302A5A00DF4696 /* Model.xcdatamodeld in Sources */ = {isa = PBXBuildFile; fileRef = A46A7E7016302A5A00DF4696 /* Model.xcdatamodeld */; };
		A46A7EEC16304F9800DF4696 /* libxml2.dylib in Frameworks */ = {isa = PBXBuildFile; fileRef = A46A7EEB16304F9800DF4696 /* libxml2.dylib */; };
		A46A7F131630537200DF4696 /* CXMLDocument_CreationExtensions.m in Sources */ = {isa = PBXBuildFile; fileRef = A46A7EF81630537200DF4696 /* CXMLDocument_CreationExtensions.m */; };
		A46A7F141630537200DF4696 /* CXMLNode_CreationExtensions.m in Sources */ = {isa = PBXBuildFile; fileRef = A46A7EFA1630537200DF4696 /* CXMLNode_CreationExtensions.m */; };
		A46A7F151630537200DF4696 /* CXHTMLDocument.m in Sources */ = {isa = PBXBuildFile; fileRef = A46A7EFC1630537200DF4696 /* CXHTMLDocument.m */; };
		A46A7F161630537200DF4696 /* CXMLDocument_PrivateExtensions.m in Sources */ = {isa = PBXBuildFile; fileRef = A46A7EFE1630537200DF4696 /* CXMLDocument_PrivateExtensions.m */; };
		A46A7F171630537200DF4696 /* CXMLDocument.m in Sources */ = {isa = PBXBuildFile; fileRef = A46A7F001630537200DF4696 /* CXMLDocument.m */; };
		A46A7F181630537200DF4696 /* CXMLElement_CreationExtensions.m in Sources */ = {isa = PBXBuildFile; fileRef = A46A7F021630537200DF4696 /* CXMLElement_CreationExtensions.m */; };
		A46A7F191630537200DF4696 /* CXMLElement_ElementTreeExtensions.m in Sources */ = {isa = PBXBuildFile; fileRef = A46A7F041630537200DF4696 /* CXMLElement_ElementTreeExtensions.m */; };
		A46A7F1A1630537200DF4696 /* CXMLElement.m in Sources */ = {isa = PBXBuildFile; fileRef = A46A7F061630537200DF4696 /* CXMLElement.m */; };
		A46A7F1B1630537200DF4696 /* CXMLNamespaceNode.m in Sources */ = {isa = PBXBuildFile; fileRef = A46A7F081630537200DF4696 /* CXMLNamespaceNode.m */; };
		A46A7F1C1630537200DF4696 /* CXMLNode_PrivateExtensions.m in Sources */ = {isa = PBXBuildFile; fileRef = A46A7F0A1630537200DF4696 /* CXMLNode_PrivateExtensions.m */; };
		A46A7F1D1630537200DF4696 /* CXMLNode_XPathExtensions.m in Sources */ = {isa = PBXBuildFile; fileRef = A46A7F0C1630537200DF4696 /* CXMLNode_XPathExtensions.m */; };
		A46A7F1E1630537200DF4696 /* CXMLNode.m in Sources */ = {isa = PBXBuildFile; fileRef = A46A7F0E1630537200DF4696 /* CXMLNode.m */; };
		A46A7F1F1630537200DF4696 /* CTidy.m in Sources */ = {isa = PBXBuildFile; fileRef = A46A7F111630537200DF4696 /* CTidy.m */; };
		A46A7F2B1630583A00DF4696 /* Word.m in Sources */ = {isa = PBXBuildFile; fileRef = A46A7F281630583A00DF4696 /* Word.m */; };
		A46A7F2C1630583A00DF4696 /* WordList.m in Sources */ = {isa = PBXBuildFile; fileRef = A46A7F2A1630583A00DF4696 /* WordList.m */; };
/* End PBXBuildFile section */

/* Begin PBXFileReference section */
		A46A7E471630296800DF4696 /* Vocabulary.app */ = {isa = PBXFileReference; explicitFileType = wrapper.application; includeInIndex = 0; path = Vocabulary.app; sourceTree = BUILT_PRODUCTS_DIR; };
		A46A7E4B1630296800DF4696 /* UIKit.framework */ = {isa = PBXFileReference; lastKnownFileType = wrapper.framework; name = UIKit.framework; path = System/Library/Frameworks/UIKit.framework; sourceTree = SDKROOT; };
		A46A7E4D1630296800DF4696 /* Foundation.framework */ = {isa = PBXFileReference; lastKnownFileType = wrapper.framework; name = Foundation.framework; path = System/Library/Frameworks/Foundation.framework; sourceTree = SDKROOT; };
		A46A7E4F1630296800DF4696 /* CoreGraphics.framework */ = {isa = PBXFileReference; lastKnownFileType = wrapper.framework; name = CoreGraphics.framework; path = System/Library/Frameworks/CoreGraphics.framework; sourceTree = SDKROOT; };
		A46A7E531630296800DF4696 /* Vocabulary-Info.plist */ = {isa = PBXFileReference; lastKnownFileType = text.plist.xml; path = "Vocabulary-Info.plist"; sourceTree = "<group>"; };
		A46A7E551630296800DF4696 /* en */ = {isa = PBXFileReference; lastKnownFileType = text.plist.strings; name = en; path = en.lproj/InfoPlist.strings; sourceTree = "<group>"; };
		A46A7E571630296800DF4696 /* main.m */ = {isa = PBXFileReference; lastKnownFileType = sourcecode.c.objc; path = main.m; sourceTree = "<group>"; };
		A46A7E591630296800DF4696 /* Vocabulary-Prefix.pch */ = {isa = PBXFileReference; lastKnownFileType = sourcecode.c.h; path = "Vocabulary-Prefix.pch"; sourceTree = "<group>"; };
		A46A7E5A1630296800DF4696 /* AppDelegate.h */ = {isa = PBXFileReference; lastKnownFileType = sourcecode.c.h; path = AppDelegate.h; sourceTree = "<group>"; };
		A46A7E5B1630296800DF4696 /* AppDelegate.m */ = {isa = PBXFileReference; lastKnownFileType = sourcecode.c.objc; path = AppDelegate.m; sourceTree = "<group>"; };
		A46A7E5D1630296800DF4696 /* Default.png */ = {isa = PBXFileReference; lastKnownFileType = image.png; path = Default.png; sourceTree = "<group>"; };
		A46A7E5F1630296800DF4696 /* Default@2x.png */ = {isa = PBXFileReference; lastKnownFileType = image.png; path = "Default@2x.png"; sourceTree = "<group>"; };
		A46A7E611630296800DF4696 /* Default-568h@2x.png */ = {isa = PBXFileReference; lastKnownFileType = image.png; path = "Default-568h@2x.png"; sourceTree = "<group>"; };
		A46A7E631630296800DF4696 /* ViewController.h */ = {isa = PBXFileReference; lastKnownFileType = sourcecode.c.h; path = ViewController.h; sourceTree = "<group>"; };
		A46A7E641630296800DF4696 /* ViewController.m */ = {isa = PBXFileReference; lastKnownFileType = sourcecode.c.objc; path = ViewController.m; sourceTree = "<group>"; };
		A46A7E671630296800DF4696 /* en */ = {isa = PBXFileReference; lastKnownFileType = file.xib; name = en; path = en.lproj/ViewController.xib; sourceTree = "<group>"; };
		A46A7E6E16302A2C00DF4696 /* CoreData.framework */ = {isa = PBXFileReference; lastKnownFileType = wrapper.framework; name = CoreData.framework; path = System/Library/Frameworks/CoreData.framework; sourceTree = SDKROOT; };
		A46A7E7116302A5A00DF4696 /* Model.xcdatamodel */ = {isa = PBXFileReference; lastKnownFileType = wrapper.xcdatamodel; path = Model.xcdatamodel; sourceTree = "<group>"; };
		A46A7EEB16304F9800DF4696 /* libxml2.dylib */ = {isa = PBXFileReference; lastKnownFileType = "compiled.mach-o.dylib"; name = libxml2.dylib; path = usr/lib/libxml2.dylib; sourceTree = SDKROOT; };
		A46A7EF71630537200DF4696 /* CXMLDocument_CreationExtensions.h */ = {isa = PBXFileReference; fileEncoding = 4; lastKnownFileType = sourcecode.c.h; path = CXMLDocument_CreationExtensions.h; sourceTree = "<group>"; };
		A46A7EF81630537200DF4696 /* CXMLDocument_CreationExtensions.m */ = {isa = PBXFileReference; fileEncoding = 4; lastKnownFileType = sourcecode.c.objc; path = CXMLDocument_CreationExtensions.m; sourceTree = "<group>"; };
		A46A7EF91630537200DF4696 /* CXMLNode_CreationExtensions.h */ = {isa = PBXFileReference; fileEncoding = 4; lastKnownFileType = sourcecode.c.h; path = CXMLNode_CreationExtensions.h; sourceTree = "<group>"; };
		A46A7EFA1630537200DF4696 /* CXMLNode_CreationExtensions.m */ = {isa = PBXFileReference; fileEncoding = 4; lastKnownFileType = sourcecode.c.objc; path = CXMLNode_CreationExtensions.m; sourceTree = "<group>"; };
		A46A7EFB1630537200DF4696 /* CXHTMLDocument.h */ = {isa = PBXFileReference; fileEncoding = 4; lastKnownFileType = sourcecode.c.h; name = CXHTMLDocument.h; path = ../TouchXML/Source/CXHTMLDocument.h; sourceTree = "<group>"; };
		A46A7EFC1630537200DF4696 /* CXHTMLDocument.m */ = {isa = PBXFileReference; fileEncoding = 4; lastKnownFileType = sourcecode.c.objc; name = CXHTMLDocument.m; path = ../TouchXML/Source/CXHTMLDocument.m; sourceTree = "<group>"; };
		A46A7EFD1630537200DF4696 /* CXMLDocument_PrivateExtensions.h */ = {isa = PBXFileReference; fileEncoding = 4; lastKnownFileType = sourcecode.c.h; name = CXMLDocument_PrivateExtensions.h; path = ../TouchXML/Source/CXMLDocument_PrivateExtensions.h; sourceTree = "<group>"; };
		A46A7EFE1630537200DF4696 /* CXMLDocument_PrivateExtensions.m */ = {isa = PBXFileReference; fileEncoding = 4; lastKnownFileType = sourcecode.c.objc; name = CXMLDocument_PrivateExtensions.m; path = ../TouchXML/Source/CXMLDocument_PrivateExtensions.m; sourceTree = "<group>"; };
		A46A7EFF1630537200DF4696 /* CXMLDocument.h */ = {isa = PBXFileReference; fileEncoding = 4; lastKnownFileType = sourcecode.c.h; name = CXMLDocument.h; path = ../TouchXML/Source/CXMLDocument.h; sourceTree = "<group>"; };
		A46A7F001630537200DF4696 /* CXMLDocument.m */ = {isa = PBXFileReference; fileEncoding = 4; lastKnownFileType = sourcecode.c.objc; name = CXMLDocument.m; path = ../TouchXML/Source/CXMLDocument.m; sourceTree = "<group>"; };
		A46A7F011630537200DF4696 /* CXMLElement_CreationExtensions.h */ = {isa = PBXFileReference; fileEncoding = 4; lastKnownFileType = sourcecode.c.h; name = CXMLElement_CreationExtensions.h; path = ../TouchXML/Source/CXMLElement_CreationExtensions.h; sourceTree = "<group>"; };
		A46A7F021630537200DF4696 /* CXMLElement_CreationExtensions.m */ = {isa = PBXFileReference; fileEncoding = 4; lastKnownFileType = sourcecode.c.objc; name = CXMLElement_CreationExtensions.m; path = ../TouchXML/Source/CXMLElement_CreationExtensions.m; sourceTree = "<group>"; };
		A46A7F031630537200DF4696 /* CXMLElement_ElementTreeExtensions.h */ = {isa = PBXFileReference; fileEncoding = 4; lastKnownFileType = sourcecode.c.h; name = CXMLElement_ElementTreeExtensions.h; path = ../TouchXML/Source/CXMLElement_ElementTreeExtensions.h; sourceTree = "<group>"; };
		A46A7F041630537200DF4696 /* CXMLElement_ElementTreeExtensions.m */ = {isa = PBXFileReference; fileEncoding = 4; lastKnownFileType = sourcecode.c.objc; name = CXMLElement_ElementTreeExtensions.m; path = ../TouchXML/Source/CXMLElement_ElementTreeExtensions.m; sourceTree = "<group>"; };
		A46A7F051630537200DF4696 /* CXMLElement.h */ = {isa = PBXFileReference; fileEncoding = 4; lastKnownFileType = sourcecode.c.h; name = CXMLElement.h; path = ../TouchXML/Source/CXMLElement.h; sourceTree = "<group>"; };
		A46A7F061630537200DF4696 /* CXMLElement.m */ = {isa = PBXFileReference; fileEncoding = 4; lastKnownFileType = sourcecode.c.objc; name = CXMLElement.m; path = ../TouchXML/Source/CXMLElement.m; sourceTree = "<group>"; };
		A46A7F071630537200DF4696 /* CXMLNamespaceNode.h */ = {isa = PBXFileReference; fileEncoding = 4; lastKnownFileType = sourcecode.c.h; name = CXMLNamespaceNode.h; path = ../TouchXML/Source/CXMLNamespaceNode.h; sourceTree = "<group>"; };
		A46A7F081630537200DF4696 /* CXMLNamespaceNode.m */ = {isa = PBXFileReference; fileEncoding = 4; lastKnownFileType = sourcecode.c.objc; name = CXMLNamespaceNode.m; path = ../TouchXML/Source/CXMLNamespaceNode.m; sourceTree = "<group>"; };
		A46A7F091630537200DF4696 /* CXMLNode_PrivateExtensions.h */ = {isa = PBXFileReference; fileEncoding = 4; lastKnownFileType = sourcecode.c.h; name = CXMLNode_PrivateExtensions.h; path = ../TouchXML/Source/CXMLNode_PrivateExtensions.h; sourceTree = "<group>"; };
		A46A7F0A1630537200DF4696 /* CXMLNode_PrivateExtensions.m */ = {isa = PBXFileReference; fileEncoding = 4; lastKnownFileType = sourcecode.c.objc; name = CXMLNode_PrivateExtensions.m; path = ../TouchXML/Source/CXMLNode_PrivateExtensions.m; sourceTree = "<group>"; };
		A46A7F0B1630537200DF4696 /* CXMLNode_XPathExtensions.h */ = {isa = PBXFileReference; fileEncoding = 4; lastKnownFileType = sourcecode.c.h; name = CXMLNode_XPathExtensions.h; path = ../TouchXML/Source/CXMLNode_XPathExtensions.h; sourceTree = "<group>"; };
		A46A7F0C1630537200DF4696 /* CXMLNode_XPathExtensions.m */ = {isa = PBXFileReference; fileEncoding = 4; lastKnownFileType = sourcecode.c.objc; name = CXMLNode_XPathExtensions.m; path = ../TouchXML/Source/CXMLNode_XPathExtensions.m; sourceTree = "<group>"; };
		A46A7F0D1630537200DF4696 /* CXMLNode.h */ = {isa = PBXFileReference; fileEncoding = 4; lastKnownFileType = sourcecode.c.h; name = CXMLNode.h; path = ../TouchXML/Source/CXMLNode.h; sourceTree = "<group>"; };
		A46A7F0E1630537200DF4696 /* CXMLNode.m */ = {isa = PBXFileReference; fileEncoding = 4; lastKnownFileType = sourcecode.c.objc; name = CXMLNode.m; path = ../TouchXML/Source/CXMLNode.m; sourceTree = "<group>"; };
		A46A7F101630537200DF4696 /* CTidy.h */ = {isa = PBXFileReference; fileEncoding = 4; lastKnownFileType = sourcecode.c.h; path = CTidy.h; sourceTree = "<group>"; };
		A46A7F111630537200DF4696 /* CTidy.m */ = {isa = PBXFileReference; fileEncoding = 4; lastKnownFileType = sourcecode.c.objc; path = CTidy.m; sourceTree = "<group>"; };
		A46A7F121630537200DF4696 /* TouchXML.h */ = {isa = PBXFileReference; fileEncoding = 4; lastKnownFileType = sourcecode.c.h; name = TouchXML.h; path = ../TouchXML/Source/TouchXML.h; sourceTree = "<group>"; };
		A46A7F271630583A00DF4696 /* Word.h */ = {isa = PBXFileReference; fileEncoding = 4; lastKnownFileType = sourcecode.c.h; name = Word.h; path = Vocabulary/Word.h; sourceTree = "<group>"; };
		A46A7F281630583A00DF4696 /* Word.m */ = {isa = PBXFileReference; fileEncoding = 4; lastKnownFileType = sourcecode.c.objc; name = Word.m; path = Vocabulary/Word.m; sourceTree = "<group>"; };
		A46A7F291630583A00DF4696 /* WordList.h */ = {isa = PBXFileReference; fileEncoding = 4; lastKnownFileType = sourcecode.c.h; name = WordList.h; path = Vocabulary/WordList.h; sourceTree = "<group>"; };
		A46A7F2A1630583A00DF4696 /* WordList.m */ = {isa = PBXFileReference; fileEncoding = 4; lastKnownFileType = sourcecode.c.objc; name = WordList.m; path = Vocabulary/WordList.m; sourceTree = "<group>"; };
/* End PBXFileReference section */

/* Begin PBXFrameworksBuildPhase section */
		A46A7E441630296800DF4696 /* Frameworks */ = {
			isa = PBXFrameworksBuildPhase;
			buildActionMask = 2147483647;
			files = (
				A46A7EEC16304F9800DF4696 /* libxml2.dylib in Frameworks */,
				A46A7E6F16302A2C00DF4696 /* CoreData.framework in Frameworks */,
				A46A7E4C1630296800DF4696 /* UIKit.framework in Frameworks */,
				A46A7E4E1630296800DF4696 /* Foundation.framework in Frameworks */,
				A46A7E501630296800DF4696 /* CoreGraphics.framework in Frameworks */,
			);
			runOnlyForDeploymentPostprocessing = 0;
		};
/* End PBXFrameworksBuildPhase section */

/* Begin PBXGroup section */
		A46A7E3C1630296800DF4696 = {
			isa = PBXGroup;
			children = (
				A46A7EBF16304F6500DF4696 /* lib */,
				A46A7E7D16302C5500DF4696 /* models */,
				A46A7E7316302A6B00DF4696 /* Resources */,
				A46A7E511630296800DF4696 /* Vocabulary */,
				A46A7E4A1630296800DF4696 /* Frameworks */,
				A46A7E481630296800DF4696 /* Products */,
			);
			sourceTree = "<group>";
		};
		A46A7E481630296800DF4696 /* Products */ = {
			isa = PBXGroup;
			children = (
				A46A7E471630296800DF4696 /* Vocabulary.app */,
			);
			name = Products;
			sourceTree = "<group>";
		};
		A46A7E4A1630296800DF4696 /* Frameworks */ = {
			isa = PBXGroup;
			children = (
				A46A7E6E16302A2C00DF4696 /* CoreData.framework */,
				A46A7E4B1630296800DF4696 /* UIKit.framework */,
				A46A7E4D1630296800DF4696 /* Foundation.framework */,
				A46A7E4F1630296800DF4696 /* CoreGraphics.framework */,
			);
			name = Frameworks;
			sourceTree = "<group>";
		};
		A46A7E511630296800DF4696 /* Vocabulary */ = {
			isa = PBXGroup;
			children = (
				A46A7E5A1630296800DF4696 /* AppDelegate.h */,
				A46A7E5B1630296800DF4696 /* AppDelegate.m */,
				A46A7E631630296800DF4696 /* ViewController.h */,
				A46A7E641630296800DF4696 /* ViewController.m */,
				A46A7E661630296800DF4696 /* ViewController.xib */,
				A46A7E521630296800DF4696 /* Supporting Files */,
			);
			path = Vocabulary;
			sourceTree = "<group>";
		};
		A46A7E521630296800DF4696 /* Supporting Files */ = {
			isa = PBXGroup;
			children = (
				A46A7E531630296800DF4696 /* Vocabulary-Info.plist */,
				A46A7E541630296800DF4696 /* InfoPlist.strings */,
				A46A7E571630296800DF4696 /* main.m */,
				A46A7E591630296800DF4696 /* Vocabulary-Prefix.pch */,
				A46A7E5D1630296800DF4696 /* Default.png */,
				A46A7E5F1630296800DF4696 /* Default@2x.png */,
				A46A7E611630296800DF4696 /* Default-568h@2x.png */,
			);
			name = "Supporting Files";
			sourceTree = "<group>";
		};
		A46A7E7316302A6B00DF4696 /* Resources */ = {
			isa = PBXGroup;
			children = (
				A46A7E7016302A5A00DF4696 /* Model.xcdatamodeld */,
			);
			name = Resources;
			sourceTree = "<group>";
		};
		A46A7E7D16302C5500DF4696 /* models */ = {
			isa = PBXGroup;
			children = (
				A46A7F271630583A00DF4696 /* Word.h */,
				A46A7F281630583A00DF4696 /* Word.m */,
				A46A7F291630583A00DF4696 /* WordList.h */,
				A46A7F2A1630583A00DF4696 /* WordList.m */,
			);
			name = models;
			sourceTree = "<group>";
		};
		A46A7EBF16304F6500DF4696 /* lib */ = {
			isa = PBXGroup;
			children = (
				A46A7F211630537500DF4696 /* TouchXML */,
				A46A7EEB16304F9800DF4696 /* libxml2.dylib */,
			);
			name = lib;
			sourceTree = "<group>";
		};
		A46A7EF61630537200DF4696 /* Creation */ = {
			isa = PBXGroup;
			children = (
				A46A7EF71630537200DF4696 /* CXMLDocument_CreationExtensions.h */,
				A46A7EF81630537200DF4696 /* CXMLDocument_CreationExtensions.m */,
				A46A7EF91630537200DF4696 /* CXMLNode_CreationExtensions.h */,
				A46A7EFA1630537200DF4696 /* CXMLNode_CreationExtensions.m */,
			);
			name = Creation;
			path = ../TouchXML/Source/Creation;
			sourceTree = "<group>";
		};
		A46A7F0F1630537200DF4696 /* Tidy */ = {
			isa = PBXGroup;
			children = (
				A46A7F101630537200DF4696 /* CTidy.h */,
				A46A7F111630537200DF4696 /* CTidy.m */,
			);
			name = Tidy;
			path = ../TouchXML/Source/Tidy;
			sourceTree = "<group>";
		};
		A46A7F211630537500DF4696 /* TouchXML */ = {
			isa = PBXGroup;
			children = (
				A46A7EF61630537200DF4696 /* Creation */,
				A46A7EFB1630537200DF4696 /* CXHTMLDocument.h */,
				A46A7EFC1630537200DF4696 /* CXHTMLDocument.m */,
				A46A7EFD1630537200DF4696 /* CXMLDocument_PrivateExtensions.h */,
				A46A7EFE1630537200DF4696 /* CXMLDocument_PrivateExtensions.m */,
				A46A7EFF1630537200DF4696 /* CXMLDocument.h */,
				A46A7F001630537200DF4696 /* CXMLDocument.m */,
				A46A7F011630537200DF4696 /* CXMLElement_CreationExtensions.h */,
				A46A7F021630537200DF4696 /* CXMLElement_CreationExtensions.m */,
				A46A7F031630537200DF4696 /* CXMLElement_ElementTreeExtensions.h */,
				A46A7F041630537200DF4696 /* CXMLElement_ElementTreeExtensions.m */,
				A46A7F051630537200DF4696 /* CXMLElement.h */,
				A46A7F061630537200DF4696 /* CXMLElement.m */,
				A46A7F071630537200DF4696 /* CXMLNamespaceNode.h */,
				A46A7F081630537200DF4696 /* CXMLNamespaceNode.m */,
				A46A7F091630537200DF4696 /* CXMLNode_PrivateExtensions.h */,
				A46A7F0A1630537200DF4696 /* CXMLNode_PrivateExtensions.m */,
				A46A7F0B1630537200DF4696 /* CXMLNode_XPathExtensions.h */,
				A46A7F0C1630537200DF4696 /* CXMLNode_XPathExtensions.m */,
				A46A7F0D1630537200DF4696 /* CXMLNode.h */,
				A46A7F0E1630537200DF4696 /* CXMLNode.m */,
				A46A7F0F1630537200DF4696 /* Tidy */,
				A46A7F121630537200DF4696 /* TouchXML.h */,
			);
			name = TouchXML;
			sourceTree = "<group>";
		};
/* End PBXGroup section */

/* Begin PBXNativeTarget section */
		A46A7E461630296800DF4696 /* Vocabulary */ = {
			isa = PBXNativeTarget;
			buildConfigurationList = A46A7E6B1630296800DF4696 /* Build configuration list for PBXNativeTarget "Vocabulary" */;
			buildPhases = (
				A46A7E431630296800DF4696 /* Sources */,
				A46A7E441630296800DF4696 /* Frameworks */,
				A46A7E451630296800DF4696 /* Resources */,
			);
			buildRules = (
			);
			dependencies = (
			);
			name = Vocabulary;
			productName = Vocabulary;
			productReference = A46A7E471630296800DF4696 /* Vocabulary.app */;
			productType = "com.apple.product-type.application";
		};
/* End PBXNativeTarget section */

/* Begin PBXProject section */
		A46A7E3E1630296800DF4696 /* Project object */ = {
			isa = PBXProject;
			attributes = {
				LastUpgradeCheck = 0450;
				ORGANIZATIONNAME = "缪和光";
			};
			buildConfigurationList = A46A7E411630296800DF4696 /* Build configuration list for PBXProject "Vocabulary" */;
			compatibilityVersion = "Xcode 3.2";
			developmentRegion = English;
			hasScannedForEncodings = 0;
			knownRegions = (
				en,
			);
			mainGroup = A46A7E3C1630296800DF4696;
			productRefGroup = A46A7E481630296800DF4696 /* Products */;
			projectDirPath = "";
			projectRoot = "";
			targets = (
				A46A7E461630296800DF4696 /* Vocabulary */,
			);
		};
/* End PBXProject section */

/* Begin PBXResourcesBuildPhase section */
		A46A7E451630296800DF4696 /* Resources */ = {
			isa = PBXResourcesBuildPhase;
			buildActionMask = 2147483647;
			files = (
				A46A7E561630296800DF4696 /* InfoPlist.strings in Resources */,
				A46A7E5E1630296800DF4696 /* Default.png in Resources */,
				A46A7E601630296800DF4696 /* Default@2x.png in Resources */,
				A46A7E621630296800DF4696 /* Default-568h@2x.png in Resources */,
				A46A7E681630296800DF4696 /* ViewController.xib in Resources */,
			);
			runOnlyForDeploymentPostprocessing = 0;
		};
/* End PBXResourcesBuildPhase section */

/* Begin PBXSourcesBuildPhase section */
		A46A7E431630296800DF4696 /* Sources */ = {
			isa = PBXSourcesBuildPhase;
			buildActionMask = 2147483647;
			files = (
				A46A7E581630296800DF4696 /* main.m in Sources */,
				A46A7E5C1630296800DF4696 /* AppDelegate.m in Sources */,
				A46A7E651630296800DF4696 /* ViewController.m in Sources */,
				A46A7E7216302A5A00DF4696 /* Model.xcdatamodeld in Sources */,
				A46A7F131630537200DF4696 /* CXMLDocument_CreationExtensions.m in Sources */,
				A46A7F141630537200DF4696 /* CXMLNode_CreationExtensions.m in Sources */,
				A46A7F151630537200DF4696 /* CXHTMLDocument.m in Sources */,
				A46A7F161630537200DF4696 /* CXMLDocument_PrivateExtensions.m in Sources */,
				A46A7F171630537200DF4696 /* CXMLDocument.m in Sources */,
				A46A7F181630537200DF4696 /* CXMLElement_CreationExtensions.m in Sources */,
				A46A7F191630537200DF4696 /* CXMLElement_ElementTreeExtensions.m in Sources */,
				A46A7F1A1630537200DF4696 /* CXMLElement.m in Sources */,
				A46A7F1B1630537200DF4696 /* CXMLNamespaceNode.m in Sources */,
				A46A7F1C1630537200DF4696 /* CXMLNode_PrivateExtensions.m in Sources */,
				A46A7F1D1630537200DF4696 /* CXMLNode_XPathExtensions.m in Sources */,
				A46A7F1E1630537200DF4696 /* CXMLNode.m in Sources */,
				A46A7F1F1630537200DF4696 /* CTidy.m in Sources */,
				A46A7F2B1630583A00DF4696 /* Word.m in Sources */,
				A46A7F2C1630583A00DF4696 /* WordList.m in Sources */,
			);
			runOnlyForDeploymentPostprocessing = 0;
		};
/* End PBXSourcesBuildPhase section */

/* Begin PBXVariantGroup section */
		A46A7E541630296800DF4696 /* InfoPlist.strings */ = {
			isa = PBXVariantGroup;
			children = (
				A46A7E551630296800DF4696 /* en */,
			);
			name = InfoPlist.strings;
			sourceTree = "<group>";
		};
		A46A7E661630296800DF4696 /* ViewController.xib */ = {
			isa = PBXVariantGroup;
			children = (
				A46A7E671630296800DF4696 /* en */,
			);
			name = ViewController.xib;
			sourceTree = "<group>";
		};
/* End PBXVariantGroup section */

/* Begin XCBuildConfiguration section */
		A46A7E691630296800DF4696 /* Debug */ = {
			isa = XCBuildConfiguration;
			buildSettings = {
				ALWAYS_SEARCH_USER_PATHS = NO;
				CLANG_CXX_LANGUAGE_STANDARD = "gnu++0x";
				CLANG_CXX_LIBRARY = "libc++";
				CLANG_ENABLE_OBJC_ARC = YES;
				CLANG_WARN_EMPTY_BODY = YES;
				CLANG_WARN__DUPLICATE_METHOD_MATCH = YES;
				"CODE_SIGN_IDENTITY[sdk=iphoneos*]" = "iPhone Developer";
				COPY_PHASE_STRIP = NO;
				GCC_C_LANGUAGE_STANDARD = gnu99;
				GCC_DYNAMIC_NO_PIC = NO;
				GCC_OPTIMIZATION_LEVEL = 0;
				GCC_PREPROCESSOR_DEFINITIONS = (
					"DEBUG=1",
					"$(inherited)",
				);
				GCC_SYMBOLS_PRIVATE_EXTERN = NO;
				GCC_WARN_ABOUT_RETURN_TYPE = YES;
				GCC_WARN_UNINITIALIZED_AUTOS = YES;
				GCC_WARN_UNUSED_VARIABLE = YES;
				IPHONEOS_DEPLOYMENT_TARGET = 6.0;
				ONLY_ACTIVE_ARCH = YES;
				SDKROOT = iphoneos;
			};
			name = Debug;
		};
		A46A7E6A1630296800DF4696 /* Release */ = {
			isa = XCBuildConfiguration;
			buildSettings = {
				ALWAYS_SEARCH_USER_PATHS = NO;
				CLANG_CXX_LANGUAGE_STANDARD = "gnu++0x";
				CLANG_CXX_LIBRARY = "libc++";
				CLANG_ENABLE_OBJC_ARC = YES;
				CLANG_WARN_EMPTY_BODY = YES;
				CLANG_WARN__DUPLICATE_METHOD_MATCH = YES;
				"CODE_SIGN_IDENTITY[sdk=iphoneos*]" = "iPhone Developer";
				COPY_PHASE_STRIP = YES;
				GCC_C_LANGUAGE_STANDARD = gnu99;
				GCC_WARN_ABOUT_RETURN_TYPE = YES;
				GCC_WARN_UNINITIALIZED_AUTOS = YES;
				GCC_WARN_UNUSED_VARIABLE = YES;
				IPHONEOS_DEPLOYMENT_TARGET = 6.0;
				OTHER_CFLAGS = "-DNS_BLOCK_ASSERTIONS=1";
				SDKROOT = iphoneos;
				VALIDATE_PRODUCT = YES;
			};
			name = Release;
		};
		A46A7E6C1630296800DF4696 /* Debug */ = {
			isa = XCBuildConfiguration;
			buildSettings = {
				GCC_PRECOMPILE_PREFIX_HEADER = YES;
				GCC_PREFIX_HEADER = "Vocabulary/Vocabulary-Prefix.pch";
				HEADER_SEARCH_PATHS = "/usr/include/libxml2/**";
				INFOPLIST_FILE = "Vocabulary/Vocabulary-Info.plist";
				PRODUCT_NAME = "$(TARGET_NAME)";
				WRAPPER_EXTENSION = app;
			};
			name = Debug;
		};
		A46A7E6D1630296800DF4696 /* Release */ = {
			isa = XCBuildConfiguration;
			buildSettings = {
				GCC_PRECOMPILE_PREFIX_HEADER = YES;
				GCC_PREFIX_HEADER = "Vocabulary/Vocabulary-Prefix.pch";
				HEADER_SEARCH_PATHS = "/usr/include/libxml2/**";
				INFOPLIST_FILE = "Vocabulary/Vocabulary-Info.plist";
				PRODUCT_NAME = "$(TARGET_NAME)";
				WRAPPER_EXTENSION = app;
			};
			name = Release;
		};
/* End XCBuildConfiguration section */

/* Begin XCConfigurationList section */
		A46A7E411630296800DF4696 /* Build configuration list for PBXProject "Vocabulary" */ = {
			isa = XCConfigurationList;
			buildConfigurations = (
				A46A7E691630296800DF4696 /* Debug */,
				A46A7E6A1630296800DF4696 /* Release */,
			);
			defaultConfigurationIsVisible = 0;
			defaultConfigurationName = Release;
		};
		A46A7E6B1630296800DF4696 /* Build configuration list for PBXNativeTarget "Vocabulary" */ = {
			isa = XCConfigurationList;
			buildConfigurations = (
				A46A7E6C1630296800DF4696 /* Debug */,
				A46A7E6D1630296800DF4696 /* Release */,
			);
			defaultConfigurationIsVisible = 0;
			defaultConfigurationName = Release;
		};
/* End XCConfigurationList section */

/* Begin XCVersionGroup section */
		A46A7E7016302A5A00DF4696 /* Model.xcdatamodeld */ = {
			isa = XCVersionGroup;
			children = (
				A46A7E7116302A5A00DF4696 /* Model.xcdatamodel */,
			);
			currentVersion = A46A7E7116302A5A00DF4696 /* Model.xcdatamodel */;
			path = Model.xcdatamodeld;
			sourceTree = "<group>";
			versionGroupType = wrapper.xcdatamodel;
		};
/* End XCVersionGroup section */
	};
	rootObject = A46A7E3E1630296800DF4696 /* Project object */;
}
