PODS:
  - ActionSheetPicker-3.0 (1.2.0)
  - BButton (4.0.2)
  - CocoaLumberjack (2.0.0-rc):
    - CocoaLumberjack/Default (= 2.0.0-rc)
    - CocoaLumberjack/Extensions (= 2.0.0-rc)
  - CocoaLumberjack/Core (2.0.0-rc)
  - CocoaLumberjack/Default (2.0.0-rc):
    - CocoaLumberjack/Core
  - CocoaLumberjack/Extensions (2.0.0-rc):
    - CocoaLumberjack/Default
  - LibYAML (0.1.4)
  - MBProgressHUD (0.9)
  - MKNetworkKit (0.87):
    - Reachability (~> 3.1.0)
  - PromiseKit/Promise (1.2)
  - Reachability (3.1.1)
  - SZTextView (1.1.10)
  - ViewDeck (2.2.11)
  - YAML-Framework (0.0.2):
    - LibYAML (~> 0.1.4)

DEPENDENCIES:
  - ActionSheetPicker-3.0 (~> 1.2.0)
  - BButton
  - CocoaLumberjack (~> 2.0.0-beta3)
  - MBProgressHUD
  - MKNetworkKit (~> 0.87)
  - PromiseKit/Promise
  - SZTextView (~> 1.1.10)
  - ViewDeck (~> 2.2.11)
  - YAML-Framework (~> 0.0.2)

SPEC CHECKSUMS:
  ActionSheetPicker-3.0: 6e0274e4298a81fc44516c238fe9df815084310f
  BButton: ab0f2ed3b998ae73c5188b57d270d81e4a1eeb27
  CocoaLumberjack: 04c5b9b7479dd4276a09700fcd6644423ea1751c
  LibYAML: 3af2c5adf3a40dff936d087aa6a77edc10036bc5
  MBProgressHUD: d8e7ea388dc1549a42e0d219067cf5f2c898fb66
  MKNetworkKit: 60ad3c83b62183e40ba75ce772c9427c25b520de
  PromiseKit: a9719352886a62dacc4b03166ba9d3b671101bf1
  Reachability: dd9aa4fb6667b9f787690a74f53cb7634ce99893
  SZTextView: c814e6dcb2303e3e79feb0fd27cf44d74e3c59a6
  ViewDeck: ce795f929d00d1e0fd63f61d79cc92a9ea050ec9
  YAML-Framework: 6fe698e19d39d778829f5937e39d1e6bc12afd7b

COCOAPODS: 0.39.0
